// !$*UTF8*$!
{
	archiveVersion = 1;
	classes = {
	};
	objectVersion = 46;
	objects = {

/* Begin PBXBuildFile section */
		037911541D3E77D100A7D49D /* Makefile in Sources */ = {isa = PBXBuildFile; fileRef = 037910F11D3E77D100A7D49D /* Makefile */; };
		037911551D3E77D100A7D49D /* lapi.c in Sources */ = {isa = PBXBuildFile; fileRef = 037910F41D3E77D100A7D49D /* lapi.c */; };
		037911561D3E77D100A7D49D /* lauxlib.c in Sources */ = {isa = PBXBuildFile; fileRef = 037910F61D3E77D100A7D49D /* lauxlib.c */; };
		037911571D3E77D100A7D49D /* lbaselib.c in Sources */ = {isa = PBXBuildFile; fileRef = 037910F81D3E77D100A7D49D /* lbaselib.c */; };
		037911581D3E77D100A7D49D /* lbitlib.c in Sources */ = {isa = PBXBuildFile; fileRef = 037910F91D3E77D100A7D49D /* lbitlib.c */; };
		037911591D3E77D100A7D49D /* lcode.c in Sources */ = {isa = PBXBuildFile; fileRef = 037910FA1D3E77D100A7D49D /* lcode.c */; };
		0379115A1D3E77D100A7D49D /* lcorolib.c in Sources */ = {isa = PBXBuildFile; fileRef = 037910FC1D3E77D100A7D49D /* lcorolib.c */; };
		0379115B1D3E77D100A7D49D /* lctype.c in Sources */ = {isa = PBXBuildFile; fileRef = 037910FD1D3E77D100A7D49D /* lctype.c */; };
		0379115C1D3E77D100A7D49D /* ldblib.c in Sources */ = {isa = PBXBuildFile; fileRef = 037910FF1D3E77D100A7D49D /* ldblib.c */; };
		0379115D1D3E77D100A7D49D /* ldebug.c in Sources */ = {isa = PBXBuildFile; fileRef = 037911001D3E77D100A7D49D /* ldebug.c */; };
		0379115E1D3E77D100A7D49D /* ldo.c in Sources */ = {isa = PBXBuildFile; fileRef = 037911021D3E77D100A7D49D /* ldo.c */; };
		0379115F1D3E77D100A7D49D /* ldump.c in Sources */ = {isa = PBXBuildFile; fileRef = 037911041D3E77D100A7D49D /* ldump.c */; };
		037911601D3E77D100A7D49D /* lfunc.c in Sources */ = {isa = PBXBuildFile; fileRef = 037911051D3E77D100A7D49D /* lfunc.c */; };
		037911611D3E77D100A7D49D /* lgc.c in Sources */ = {isa = PBXBuildFile; fileRef = 037911071D3E77D100A7D49D /* lgc.c */; };
		037911621D3E77D100A7D49D /* linit.c in Sources */ = {isa = PBXBuildFile; fileRef = 037911091D3E77D100A7D49D /* linit.c */; };
		037911631D3E77D100A7D49D /* liolib.c in Sources */ = {isa = PBXBuildFile; fileRef = 0379110A1D3E77D100A7D49D /* liolib.c */; };
		037911641D3E77D100A7D49D /* llex.c in Sources */ = {isa = PBXBuildFile; fileRef = 0379110B1D3E77D100A7D49D /* llex.c */; };
		037911651D3E77D100A7D49D /* lmathlib.c in Sources */ = {isa = PBXBuildFile; fileRef = 0379110E1D3E77D100A7D49D /* lmathlib.c */; };
		037911661D3E77D100A7D49D /* lmem.c in Sources */ = {isa = PBXBuildFile; fileRef = 0379110F1D3E77D100A7D49D /* lmem.c */; };
		037911671D3E77D100A7D49D /* loadlib.c in Sources */ = {isa = PBXBuildFile; fileRef = 037911111D3E77D100A7D49D /* loadlib.c */; };
		037911681D3E77D100A7D49D /* lobject.c in Sources */ = {isa = PBXBuildFile; fileRef = 037911121D3E77D100A7D49D /* lobject.c */; };
		037911691D3E77D100A7D49D /* lopcodes.c in Sources */ = {isa = PBXBuildFile; fileRef = 037911141D3E77D100A7D49D /* lopcodes.c */; };
		0379116A1D3E77D100A7D49D /* loslib.c in Sources */ = {isa = PBXBuildFile; fileRef = 037911161D3E77D100A7D49D /* loslib.c */; };
		0379116B1D3E77D100A7D49D /* lparser.c in Sources */ = {isa = PBXBuildFile; fileRef = 037911171D3E77D100A7D49D /* lparser.c */; };
		0379116C1D3E77D100A7D49D /* lstate.c in Sources */ = {isa = PBXBuildFile; fileRef = 0379111A1D3E77D100A7D49D /* lstate.c */; };
		0379116D1D3E77D100A7D49D /* lstring.c in Sources */ = {isa = PBXBuildFile; fileRef = 0379111C1D3E77D100A7D49D /* lstring.c */; };
		0379116E1D3E77D100A7D49D /* lstrlib.c in Sources */ = {isa = PBXBuildFile; fileRef = 0379111E1D3E77D100A7D49D /* lstrlib.c */; };
		0379116F1D3E77D100A7D49D /* ltable.c in Sources */ = {isa = PBXBuildFile; fileRef = 0379111F1D3E77D100A7D49D /* ltable.c */; };
		037911701D3E77D100A7D49D /* ltablib.c in Sources */ = {isa = PBXBuildFile; fileRef = 037911211D3E77D100A7D49D /* ltablib.c */; };
		037911711D3E77D100A7D49D /* ltm.c in Sources */ = {isa = PBXBuildFile; fileRef = 037911221D3E77D100A7D49D /* ltm.c */; };
		037911721D3E77D100A7D49D /* lua.c in Sources */ = {isa = PBXBuildFile; fileRef = 037911241D3E77D100A7D49D /* lua.c */; };
		037911731D3E77D100A7D49D /* luac.c in Sources */ = {isa = PBXBuildFile; fileRef = 037911271D3E77D100A7D49D /* luac.c */; };
		037911741D3E77D100A7D49D /* lundump.c in Sources */ = {isa = PBXBuildFile; fileRef = 0379112A1D3E77D100A7D49D /* lundump.c */; };
		037911751D3E77D100A7D49D /* lutf8lib.c in Sources */ = {isa = PBXBuildFile; fileRef = 0379112C1D3E77D100A7D49D /* lutf8lib.c */; };
		037911761D3E77D100A7D49D /* lvm.c in Sources */ = {isa = PBXBuildFile; fileRef = 0379112D1D3E77D100A7D49D /* lvm.c */; };
		037911771D3E77D100A7D49D /* lzio.c in Sources */ = {isa = PBXBuildFile; fileRef = 0379112F1D3E77D100A7D49D /* lzio.c */; };
		037911781D3E77D100A7D49D /* Makefile in Sources */ = {isa = PBXBuildFile; fileRef = 037911311D3E77D100A7D49D /* Makefile */; };
		037911791D3E77D100A7D49D /* Module.cpp in Sources */ = {isa = PBXBuildFile; fileRef = 037911351D3E77D100A7D49D /* Module.cpp */; };
		0379117A1D3E77D100A7D49D /* Object.cpp in Sources */ = {isa = PBXBuildFile; fileRef = 037911371D3E77D100A7D49D /* Object.cpp */; };
		0379117B1D3E77D100A7D49D /* lfs.c in Sources */ = {isa = PBXBuildFile; fileRef = 0379113D1D3E77D100A7D49D /* lfs.c */; };
		0379117C1D3E77D100A7D49D /* MessageLoopModule_LuaBinding.cpp in Sources */ = {isa = PBXBuildFile; fileRef = 037911411D3E77D100A7D49D /* MessageLoopModule_LuaBinding.cpp */; };
		0379117D1D3E77D100A7D49D /* MessageLoopMoudle.cpp in Sources */ = {isa = PBXBuildFile; fileRef = 037911431D3E77D100A7D49D /* MessageLoopMoudle.cpp */; };
		0379117E1D3E77D100A7D49D /* Runtime.cpp in Sources */ = {isa = PBXBuildFile; fileRef = 037911451D3E77D100A7D49D /* Runtime.cpp */; };
		0379117F1D3E77D100A7D49D /* Runtime_LuaBinding.cpp in Sources */ = {isa = PBXBuildFile; fileRef = 037911471D3E77D100A7D49D /* Runtime_LuaBinding.cpp */; };
		037911801D3E77D100A7D49D /* WukongEngine.cpp in Sources */ = {isa = PBXBuildFile; fileRef = 037911521D3E77D100A7D49D /* WukongEngine.cpp */; };
/* End PBXBuildFile section */

/* Begin PBXCopyFilesBuildPhase section */
		037910D71D3E770000A7D49D /* CopyFiles */ = {
			isa = PBXCopyFilesBuildPhase;
			buildActionMask = 2147483647;
			dstPath = "include/$(PRODUCT_NAME)";
			dstSubfolderSpec = 16;
			files = (
			);
			runOnlyForDeploymentPostprocessing = 0;
		};
/* End PBXCopyFilesBuildPhase section */

/* Begin PBXFileReference section */
		037910D91D3E770000A7D49D /* libWukongEngine.a */ = {isa = PBXFileReference; explicitFileType = archive.ar; includeInIndex = 0; path = libWukongEngine.a; sourceTree = BUILT_PRODUCTS_DIR; };
		037910E81D3E77D100A7D49D /* contents.html */ = {isa = PBXFileReference; fileEncoding = 4; lastKnownFileType = text.html; path = contents.html; sourceTree = "<group>"; };
		037910E91D3E77D100A7D49D /* logo.gif */ = {isa = PBXFileReference; lastKnownFileType = image.gif; path = logo.gif; sourceTree = "<group>"; };
		037910EA1D3E77D100A7D49D /* lua.1 */ = {isa = PBXFileReference; fileEncoding = 4; lastKnownFileType = text.man; path = lua.1; sourceTree = "<group>"; };
		037910EB1D3E77D100A7D49D /* lua.css */ = {isa = PBXFileReference; fileEncoding = 4; lastKnownFileType = text.css; path = lua.css; sourceTree = "<group>"; };
		037910EC1D3E77D100A7D49D /* luac.1 */ = {isa = PBXFileReference; fileEncoding = 4; lastKnownFileType = text.man; path = luac.1; sourceTree = "<group>"; };
		037910ED1D3E77D100A7D49D /* manual.css */ = {isa = PBXFileReference; fileEncoding = 4; lastKnownFileType = text.css; path = manual.css; sourceTree = "<group>"; };
		037910EE1D3E77D100A7D49D /* manual.html */ = {isa = PBXFileReference; fileEncoding = 4; lastKnownFileType = text.html; path = manual.html; sourceTree = "<group>"; };
		037910EF1D3E77D100A7D49D /* osi-certified-72x60.png */ = {isa = PBXFileReference; lastKnownFileType = image.png; path = "osi-certified-72x60.png"; sourceTree = "<group>"; };
		037910F01D3E77D100A7D49D /* readme.html */ = {isa = PBXFileReference; fileEncoding = 4; lastKnownFileType = text.html; path = readme.html; sourceTree = "<group>"; };
		037910F11D3E77D100A7D49D /* Makefile */ = {isa = PBXFileReference; fileEncoding = 4; lastKnownFileType = sourcecode.make; path = Makefile; sourceTree = "<group>"; };
		037910F21D3E77D100A7D49D /* README */ = {isa = PBXFileReference; fileEncoding = 4; lastKnownFileType = text; path = README; sourceTree = "<group>"; };
		037910F41D3E77D100A7D49D /* lapi.c */ = {isa = PBXFileReference; fileEncoding = 4; lastKnownFileType = sourcecode.c.c; path = lapi.c; sourceTree = "<group>"; };
		037910F51D3E77D100A7D49D /* lapi.h */ = {isa = PBXFileReference; fileEncoding = 4; lastKnownFileType = sourcecode.c.h; path = lapi.h; sourceTree = "<group>"; };
		037910F61D3E77D100A7D49D /* lauxlib.c */ = {isa = PBXFileReference; fileEncoding = 4; lastKnownFileType = sourcecode.c.c; path = lauxlib.c; sourceTree = "<group>"; };
		037910F71D3E77D100A7D49D /* lauxlib.h */ = {isa = PBXFileReference; fileEncoding = 4; lastKnownFileType = sourcecode.c.h; path = lauxlib.h; sourceTree = "<group>"; };
		037910F81D3E77D100A7D49D /* lbaselib.c */ = {isa = PBXFileReference; fileEncoding = 4; lastKnownFileType = sourcecode.c.c; path = lbaselib.c; sourceTree = "<group>"; };
		037910F91D3E77D100A7D49D /* lbitlib.c */ = {isa = PBXFileReference; fileEncoding = 4; lastKnownFileType = sourcecode.c.c; path = lbitlib.c; sourceTree = "<group>"; };
		037910FA1D3E77D100A7D49D /* lcode.c */ = {isa = PBXFileReference; fileEncoding = 4; lastKnownFileType = sourcecode.c.c; path = lcode.c; sourceTree = "<group>"; };
		037910FB1D3E77D100A7D49D /* lcode.h */ = {isa = PBXFileReference; fileEncoding = 4; lastKnownFileType = sourcecode.c.h; path = lcode.h; sourceTree = "<group>"; };
		037910FC1D3E77D100A7D49D /* lcorolib.c */ = {isa = PBXFileReference; fileEncoding = 4; lastKnownFileType = sourcecode.c.c; path = lcorolib.c; sourceTree = "<group>"; };
		037910FD1D3E77D100A7D49D /* lctype.c */ = {isa = PBXFileReference; fileEncoding = 4; lastKnownFileType = sourcecode.c.c; path = lctype.c; sourceTree = "<group>"; };
		037910FE1D3E77D100A7D49D /* lctype.h */ = {isa = PBXFileReference; fileEncoding = 4; lastKnownFileType = sourcecode.c.h; path = lctype.h; sourceTree = "<group>"; };
		037910FF1D3E77D100A7D49D /* ldblib.c */ = {isa = PBXFileReference; fileEncoding = 4; lastKnownFileType = sourcecode.c.c; path = ldblib.c; sourceTree = "<group>"; };
		037911001D3E77D100A7D49D /* ldebug.c */ = {isa = PBXFileReference; fileEncoding = 4; lastKnownFileType = sourcecode.c.c; path = ldebug.c; sourceTree = "<group>"; };
		037911011D3E77D100A7D49D /* ldebug.h */ = {isa = PBXFileReference; fileEncoding = 4; lastKnownFileType = sourcecode.c.h; path = ldebug.h; sourceTree = "<group>"; };
		037911021D3E77D100A7D49D /* ldo.c */ = {isa = PBXFileReference; fileEncoding = 4; lastKnownFileType = sourcecode.c.c; path = ldo.c; sourceTree = "<group>"; };
		037911031D3E77D100A7D49D /* ldo.h */ = {isa = PBXFileReference; fileEncoding = 4; lastKnownFileType = sourcecode.c.h; path = ldo.h; sourceTree = "<group>"; };
		037911041D3E77D100A7D49D /* ldump.c */ = {isa = PBXFileReference; fileEncoding = 4; lastKnownFileType = sourcecode.c.c; path = ldump.c; sourceTree = "<group>"; };
		037911051D3E77D100A7D49D /* lfunc.c */ = {isa = PBXFileReference; fileEncoding = 4; lastKnownFileType = sourcecode.c.c; path = lfunc.c; sourceTree = "<group>"; };
		037911061D3E77D100A7D49D /* lfunc.h */ = {isa = PBXFileReference; fileEncoding = 4; lastKnownFileType = sourcecode.c.h; path = lfunc.h; sourceTree = "<group>"; };
		037911071D3E77D100A7D49D /* lgc.c */ = {isa = PBXFileReference; fileEncoding = 4; lastKnownFileType = sourcecode.c.c; path = lgc.c; sourceTree = "<group>"; };
		037911081D3E77D100A7D49D /* lgc.h */ = {isa = PBXFileReference; fileEncoding = 4; lastKnownFileType = sourcecode.c.h; path = lgc.h; sourceTree = "<group>"; };
		037911091D3E77D100A7D49D /* linit.c */ = {isa = PBXFileReference; fileEncoding = 4; lastKnownFileType = sourcecode.c.c; path = linit.c; sourceTree = "<group>"; };
		0379110A1D3E77D100A7D49D /* liolib.c */ = {isa = PBXFileReference; fileEncoding = 4; lastKnownFileType = sourcecode.c.c; path = liolib.c; sourceTree = "<group>"; };
		0379110B1D3E77D100A7D49D /* llex.c */ = {isa = PBXFileReference; fileEncoding = 4; lastKnownFileType = sourcecode.c.c; path = llex.c; sourceTree = "<group>"; };
		0379110C1D3E77D100A7D49D /* llex.h */ = {isa = PBXFileReference; fileEncoding = 4; lastKnownFileType = sourcecode.c.h; path = llex.h; sourceTree = "<group>"; };
		0379110D1D3E77D100A7D49D /* llimits.h */ = {isa = PBXFileReference; fileEncoding = 4; lastKnownFileType = sourcecode.c.h; path = llimits.h; sourceTree = "<group>"; };
		0379110E1D3E77D100A7D49D /* lmathlib.c */ = {isa = PBXFileReference; fileEncoding = 4; lastKnownFileType = sourcecode.c.c; path = lmathlib.c; sourceTree = "<group>"; };
		0379110F1D3E77D100A7D49D /* lmem.c */ = {isa = PBXFileReference; fileEncoding = 4; lastKnownFileType = sourcecode.c.c; path = lmem.c; sourceTree = "<group>"; };
		037911101D3E77D100A7D49D /* lmem.h */ = {isa = PBXFileReference; fileEncoding = 4; lastKnownFileType = sourcecode.c.h; path = lmem.h; sourceTree = "<group>"; };
		037911111D3E77D100A7D49D /* loadlib.c */ = {isa = PBXFileReference; fileEncoding = 4; lastKnownFileType = sourcecode.c.c; path = loadlib.c; sourceTree = "<group>"; };
		037911121D3E77D100A7D49D /* lobject.c */ = {isa = PBXFileReference; fileEncoding = 4; lastKnownFileType = sourcecode.c.c; path = lobject.c; sourceTree = "<group>"; };
		037911131D3E77D100A7D49D /* lobject.h */ = {isa = PBXFileReference; fileEncoding = 4; lastKnownFileType = sourcecode.c.h; path = lobject.h; sourceTree = "<group>"; };
		037911141D3E77D100A7D49D /* lopcodes.c */ = {isa = PBXFileReference; fileEncoding = 4; lastKnownFileType = sourcecode.c.c; path = lopcodes.c; sourceTree = "<group>"; };
		037911151D3E77D100A7D49D /* lopcodes.h */ = {isa = PBXFileReference; fileEncoding = 4; lastKnownFileType = sourcecode.c.h; path = lopcodes.h; sourceTree = "<group>"; };
		037911161D3E77D100A7D49D /* loslib.c */ = {isa = PBXFileReference; fileEncoding = 4; lastKnownFileType = sourcecode.c.c; path = loslib.c; sourceTree = "<group>"; };
		037911171D3E77D100A7D49D /* lparser.c */ = {isa = PBXFileReference; fileEncoding = 4; lastKnownFileType = sourcecode.c.c; path = lparser.c; sourceTree = "<group>"; };
		037911181D3E77D100A7D49D /* lparser.h */ = {isa = PBXFileReference; fileEncoding = 4; lastKnownFileType = sourcecode.c.h; path = lparser.h; sourceTree = "<group>"; };
		037911191D3E77D100A7D49D /* lprefix.h */ = {isa = PBXFileReference; fileEncoding = 4; lastKnownFileType = sourcecode.c.h; path = lprefix.h; sourceTree = "<group>"; };
		0379111A1D3E77D100A7D49D /* lstate.c */ = {isa = PBXFileReference; fileEncoding = 4; lastKnownFileType = sourcecode.c.c; path = lstate.c; sourceTree = "<group>"; };
		0379111B1D3E77D100A7D49D /* lstate.h */ = {isa = PBXFileReference; fileEncoding = 4; lastKnownFileType = sourcecode.c.h; path = lstate.h; sourceTree = "<group>"; };
		0379111C1D3E77D100A7D49D /* lstring.c */ = {isa = PBXFileReference; fileEncoding = 4; lastKnownFileType = sourcecode.c.c; path = lstring.c; sourceTree = "<group>"; };
		0379111D1D3E77D100A7D49D /* lstring.h */ = {isa = PBXFileReference; fileEncoding = 4; lastKnownFileType = sourcecode.c.h; path = lstring.h; sourceTree = "<group>"; };
		0379111E1D3E77D100A7D49D /* lstrlib.c */ = {isa = PBXFileReference; fileEncoding = 4; lastKnownFileType = sourcecode.c.c; path = lstrlib.c; sourceTree = "<group>"; };
		0379111F1D3E77D100A7D49D /* ltable.c */ = {isa = PBXFileReference; fileEncoding = 4; lastKnownFileType = sourcecode.c.c; path = ltable.c; sourceTree = "<group>"; };
		037911201D3E77D100A7D49D /* ltable.h */ = {isa = PBXFileReference; fileEncoding = 4; lastKnownFileType = sourcecode.c.h; path = ltable.h; sourceTree = "<group>"; };
		037911211D3E77D100A7D49D /* ltablib.c */ = {isa = PBXFileReference; fileEncoding = 4; lastKnownFileType = sourcecode.c.c; path = ltablib.c; sourceTree = "<group>"; };
		037911221D3E77D100A7D49D /* ltm.c */ = {isa = PBXFileReference; fileEncoding = 4; lastKnownFileType = sourcecode.c.c; path = ltm.c; sourceTree = "<group>"; };
		037911231D3E77D100A7D49D /* ltm.h */ = {isa = PBXFileReference; fileEncoding = 4; lastKnownFileType = sourcecode.c.h; path = ltm.h; sourceTree = "<group>"; };
		037911241D3E77D100A7D49D /* lua.c */ = {isa = PBXFileReference; fileEncoding = 4; lastKnownFileType = sourcecode.c.c; path = lua.c; sourceTree = "<group>"; };
		037911251D3E77D100A7D49D /* lua.h */ = {isa = PBXFileReference; fileEncoding = 4; lastKnownFileType = sourcecode.c.h; path = lua.h; sourceTree = "<group>"; };
		037911261D3E77D100A7D49D /* lua.hpp */ = {isa = PBXFileReference; fileEncoding = 4; lastKnownFileType = sourcecode.cpp.h; path = lua.hpp; sourceTree = "<group>"; };
		037911271D3E77D100A7D49D /* luac.c */ = {isa = PBXFileReference; fileEncoding = 4; lastKnownFileType = sourcecode.c.c; path = luac.c; sourceTree = "<group>"; };
		037911281D3E77D100A7D49D /* luaconf.h */ = {isa = PBXFileReference; fileEncoding = 4; lastKnownFileType = sourcecode.c.h; path = luaconf.h; sourceTree = "<group>"; };
		037911291D3E77D100A7D49D /* lualib.h */ = {isa = PBXFileReference; fileEncoding = 4; lastKnownFileType = sourcecode.c.h; path = lualib.h; sourceTree = "<group>"; };
		0379112A1D3E77D100A7D49D /* lundump.c */ = {isa = PBXFileReference; fileEncoding = 4; lastKnownFileType = sourcecode.c.c; path = lundump.c; sourceTree = "<group>"; };
		0379112B1D3E77D100A7D49D /* lundump.h */ = {isa = PBXFileReference; fileEncoding = 4; lastKnownFileType = sourcecode.c.h; path = lundump.h; sourceTree = "<group>"; };
		0379112C1D3E77D100A7D49D /* lutf8lib.c */ = {isa = PBXFileReference; fileEncoding = 4; lastKnownFileType = sourcecode.c.c; path = lutf8lib.c; sourceTree = "<group>"; };
		0379112D1D3E77D100A7D49D /* lvm.c */ = {isa = PBXFileReference; fileEncoding = 4; lastKnownFileType = sourcecode.c.c; path = lvm.c; sourceTree = "<group>"; };
		0379112E1D3E77D100A7D49D /* lvm.h */ = {isa = PBXFileReference; fileEncoding = 4; lastKnownFileType = sourcecode.c.h; path = lvm.h; sourceTree = "<group>"; };
		0379112F1D3E77D100A7D49D /* lzio.c */ = {isa = PBXFileReference; fileEncoding = 4; lastKnownFileType = sourcecode.c.c; path = lzio.c; sourceTree = "<group>"; };
		037911301D3E77D100A7D49D /* lzio.h */ = {isa = PBXFileReference; fileEncoding = 4; lastKnownFileType = sourcecode.c.h; path = lzio.h; sourceTree = "<group>"; };
		037911311D3E77D100A7D49D /* Makefile */ = {isa = PBXFileReference; fileEncoding = 4; lastKnownFileType = sourcecode.make; path = Makefile; sourceTree = "<group>"; };
		037911341D3E77D100A7D49D /* Config.h */ = {isa = PBXFileReference; fileEncoding = 4; lastKnownFileType = sourcecode.c.h; path = Config.h; sourceTree = "<group>"; };
		037911351D3E77D100A7D49D /* Module.cpp */ = {isa = PBXFileReference; fileEncoding = 4; lastKnownFileType = sourcecode.cpp.cpp; path = Module.cpp; sourceTree = "<group>"; };
		037911361D3E77D100A7D49D /* Module.h */ = {isa = PBXFileReference; fileEncoding = 4; lastKnownFileType = sourcecode.c.h; path = Module.h; sourceTree = "<group>"; };
		037911371D3E77D100A7D49D /* Object.cpp */ = {isa = PBXFileReference; fileEncoding = 4; lastKnownFileType = sourcecode.cpp.cpp; path = Object.cpp; sourceTree = "<group>"; };
		037911381D3E77D100A7D49D /* Object.h */ = {isa = PBXFileReference; fileEncoding = 4; lastKnownFileType = sourcecode.c.h; path = Object.h; sourceTree = "<group>"; };
		0379113A1D3E77D100A7D49D /* TestService.lua */ = {isa = PBXFileReference; fileEncoding = 4; lastKnownFileType = text; path = TestService.lua; sourceTree = "<group>"; };
		0379113D1D3E77D100A7D49D /* lfs.c */ = {isa = PBXFileReference; fileEncoding = 4; lastKnownFileType = sourcecode.c.c; path = lfs.c; sourceTree = "<group>"; };
		0379113E1D3E77D100A7D49D /* lfs.h */ = {isa = PBXFileReference; fileEncoding = 4; lastKnownFileType = sourcecode.c.h; path = lfs.h; sourceTree = "<group>"; };
		037911401D3E77D100A7D49D /* MessageLoopModule.h */ = {isa = PBXFileReference; fileEncoding = 4; lastKnownFileType = sourcecode.c.h; path = MessageLoopModule.h; sourceTree = "<group>"; };
		037911411D3E77D100A7D49D /* MessageLoopModule_LuaBinding.cpp */ = {isa = PBXFileReference; fileEncoding = 4; lastKnownFileType = sourcecode.cpp.cpp; path = MessageLoopModule_LuaBinding.cpp; sourceTree = "<group>"; };
		037911421D3E77D100A7D49D /* MessageLoopModule_LuaBinding.h */ = {isa = PBXFileReference; fileEncoding = 4; lastKnownFileType = sourcecode.c.h; path = MessageLoopModule_LuaBinding.h; sourceTree = "<group>"; };
		037911431D3E77D100A7D49D /* MessageLoopMoudle.cpp */ = {isa = PBXFileReference; fileEncoding = 4; lastKnownFileType = sourcecode.cpp.cpp; path = MessageLoopMoudle.cpp; sourceTree = "<group>"; };
		037911451D3E77D100A7D49D /* Runtime.cpp */ = {isa = PBXFileReference; fileEncoding = 4; lastKnownFileType = sourcecode.cpp.cpp; path = Runtime.cpp; sourceTree = "<group>"; };
		037911461D3E77D100A7D49D /* Runtime.h */ = {isa = PBXFileReference; fileEncoding = 4; lastKnownFileType = sourcecode.c.h; path = Runtime.h; sourceTree = "<group>"; };
		037911471D3E77D100A7D49D /* Runtime_LuaBinding.cpp */ = {isa = PBXFileReference; fileEncoding = 4; lastKnownFileType = sourcecode.cpp.cpp; path = Runtime_LuaBinding.cpp; sourceTree = "<group>"; };
		037911481D3E77D100A7D49D /* Runtime_LuaBinding.h */ = {isa = PBXFileReference; fileEncoding = 4; lastKnownFileType = sourcecode.c.h; path = Runtime_LuaBinding.h; sourceTree = "<group>"; };
		0379114A1D3E77D100A7D49D /* boot.lua */ = {isa = PBXFileReference; fileEncoding = 4; lastKnownFileType = text; path = boot.lua; sourceTree = "<group>"; };
		0379114C1D3E77D100A7D49D /* Class.lua */ = {isa = PBXFileReference; fileEncoding = 4; lastKnownFileType = text; path = Class.lua; sourceTree = "<group>"; };
		0379114D1D3E77D100A7D49D /* Object.lua */ = {isa = PBXFileReference; fileEncoding = 4; lastKnownFileType = text; path = Object.lua; sourceTree = "<group>"; };
		0379114F1D3E77D100A7D49D /* Continuation.lua */ = {isa = PBXFileReference; fileEncoding = 4; lastKnownFileType = text; path = Continuation.lua; sourceTree = "<group>"; };
		037911501D3E77D100A7D49D /* Coroutine.lua */ = {isa = PBXFileReference; fileEncoding = 4; lastKnownFileType = text; path = Coroutine.lua; sourceTree = "<group>"; };
		037911511D3E77D100A7D49D /* Service.lua */ = {isa = PBXFileReference; fileEncoding = 4; lastKnownFileType = text; path = Service.lua; sourceTree = "<group>"; };
		037911521D3E77D100A7D49D /* WukongEngine.cpp */ = {isa = PBXFileReference; fileEncoding = 4; lastKnownFileType = sourcecode.cpp.cpp; path = WukongEngine.cpp; sourceTree = "<group>"; };
		037911531D3E77D100A7D49D /* WukongEngine.h */ = {isa = PBXFileReference; fileEncoding = 4; lastKnownFileType = sourcecode.c.h; path = WukongEngine.h; sourceTree = "<group>"; };
/* End PBXFileReference section */

/* Begin PBXFrameworksBuildPhase section */
		037910D61D3E770000A7D49D /* Frameworks */ = {
			isa = PBXFrameworksBuildPhase;
			buildActionMask = 2147483647;
			files = (
			);
			runOnlyForDeploymentPostprocessing = 0;
		};
/* End PBXFrameworksBuildPhase section */

/* Begin PBXGroup section */
		037910D01D3E770000A7D49D = {
			isa = PBXGroup;
			children = (
				037910E51D3E77D100A7D49D /* third_party */,
				037911321D3E77D100A7D49D /* engine */,
				037910DA1D3E770000A7D49D /* Products */,
			);
			sourceTree = "<group>";
		};
		037910DA1D3E770000A7D49D /* Products */ = {
			isa = PBXGroup;
			children = (
				037910D91D3E770000A7D49D /* libWukongEngine.a */,
			);
			name = Products;
			sourceTree = "<group>";
		};
		037910E51D3E77D100A7D49D /* third_party */ = {
			isa = PBXGroup;
			children = (
				037910E61D3E77D100A7D49D /* lua */,
			);
			name = third_party;
			path = ../third_party;
			sourceTree = "<group>";
		};
		037910E61D3E77D100A7D49D /* lua */ = {
			isa = PBXGroup;
			children = (
				037910E71D3E77D100A7D49D /* doc */,
				037910F11D3E77D100A7D49D /* Makefile */,
				037910F21D3E77D100A7D49D /* README */,
				037910F31D3E77D100A7D49D /* src */,
			);
			path = lua;
			sourceTree = "<group>";
		};
		037910E71D3E77D100A7D49D /* doc */ = {
			isa = PBXGroup;
			children = (
				037910E81D3E77D100A7D49D /* contents.html */,
				037910E91D3E77D100A7D49D /* logo.gif */,
				037910EA1D3E77D100A7D49D /* lua.1 */,
				037910EB1D3E77D100A7D49D /* lua.css */,
				037910EC1D3E77D100A7D49D /* luac.1 */,
				037910ED1D3E77D100A7D49D /* manual.css */,
				037910EE1D3E77D100A7D49D /* manual.html */,
				037910EF1D3E77D100A7D49D /* osi-certified-72x60.png */,
				037910F01D3E77D100A7D49D /* readme.html */,
			);
			path = doc;
			sourceTree = "<group>";
		};
		037910F31D3E77D100A7D49D /* src */ = {
			isa = PBXGroup;
			children = (
				037910F41D3E77D100A7D49D /* lapi.c */,
				037910F51D3E77D100A7D49D /* lapi.h */,
				037910F61D3E77D100A7D49D /* lauxlib.c */,
				037910F71D3E77D100A7D49D /* lauxlib.h */,
				037910F81D3E77D100A7D49D /* lbaselib.c */,
				037910F91D3E77D100A7D49D /* lbitlib.c */,
				037910FA1D3E77D100A7D49D /* lcode.c */,
				037910FB1D3E77D100A7D49D /* lcode.h */,
				037910FC1D3E77D100A7D49D /* lcorolib.c */,
				037910FD1D3E77D100A7D49D /* lctype.c */,
				037910FE1D3E77D100A7D49D /* lctype.h */,
				037910FF1D3E77D100A7D49D /* ldblib.c */,
				037911001D3E77D100A7D49D /* ldebug.c */,
				037911011D3E77D100A7D49D /* ldebug.h */,
				037911021D3E77D100A7D49D /* ldo.c */,
				037911031D3E77D100A7D49D /* ldo.h */,
				037911041D3E77D100A7D49D /* ldump.c */,
				037911051D3E77D100A7D49D /* lfunc.c */,
				037911061D3E77D100A7D49D /* lfunc.h */,
				037911071D3E77D100A7D49D /* lgc.c */,
				037911081D3E77D100A7D49D /* lgc.h */,
				037911091D3E77D100A7D49D /* linit.c */,
				0379110A1D3E77D100A7D49D /* liolib.c */,
				0379110B1D3E77D100A7D49D /* llex.c */,
				0379110C1D3E77D100A7D49D /* llex.h */,
				0379110D1D3E77D100A7D49D /* llimits.h */,
				0379110E1D3E77D100A7D49D /* lmathlib.c */,
				0379110F1D3E77D100A7D49D /* lmem.c */,
				037911101D3E77D100A7D49D /* lmem.h */,
				037911111D3E77D100A7D49D /* loadlib.c */,
				037911121D3E77D100A7D49D /* lobject.c */,
				037911131D3E77D100A7D49D /* lobject.h */,
				037911141D3E77D100A7D49D /* lopcodes.c */,
				037911151D3E77D100A7D49D /* lopcodes.h */,
				037911161D3E77D100A7D49D /* loslib.c */,
				037911171D3E77D100A7D49D /* lparser.c */,
				037911181D3E77D100A7D49D /* lparser.h */,
				037911191D3E77D100A7D49D /* lprefix.h */,
				0379111A1D3E77D100A7D49D /* lstate.c */,
				0379111B1D3E77D100A7D49D /* lstate.h */,
				0379111C1D3E77D100A7D49D /* lstring.c */,
				0379111D1D3E77D100A7D49D /* lstring.h */,
				0379111E1D3E77D100A7D49D /* lstrlib.c */,
				0379111F1D3E77D100A7D49D /* ltable.c */,
				037911201D3E77D100A7D49D /* ltable.h */,
				037911211D3E77D100A7D49D /* ltablib.c */,
				037911221D3E77D100A7D49D /* ltm.c */,
				037911231D3E77D100A7D49D /* ltm.h */,
				037911241D3E77D100A7D49D /* lua.c */,
				037911251D3E77D100A7D49D /* lua.h */,
				037911261D3E77D100A7D49D /* lua.hpp */,
				037911271D3E77D100A7D49D /* luac.c */,
				037911281D3E77D100A7D49D /* luaconf.h */,
				037911291D3E77D100A7D49D /* lualib.h */,
				0379112A1D3E77D100A7D49D /* lundump.c */,
				0379112B1D3E77D100A7D49D /* lundump.h */,
				0379112C1D3E77D100A7D49D /* lutf8lib.c */,
				0379112D1D3E77D100A7D49D /* lvm.c */,
				0379112E1D3E77D100A7D49D /* lvm.h */,
				0379112F1D3E77D100A7D49D /* lzio.c */,
				037911301D3E77D100A7D49D /* lzio.h */,
				037911311D3E77D100A7D49D /* Makefile */,
			);
			path = src;
			sourceTree = "<group>";
		};
		037911321D3E77D100A7D49D /* engine */ = {
			isa = PBXGroup;
			children = (
				037911331D3E77D100A7D49D /* common */,
				037911391D3E77D100A7D49D /* lua_service */,
				0379113B1D3E77D100A7D49D /* module */,
				037911491D3E77D100A7D49D /* script */,
				037911521D3E77D100A7D49D /* WukongEngine.cpp */,
				037911531D3E77D100A7D49D /* WukongEngine.h */,
			);
			name = engine;
			path = ../engine;
			sourceTree = "<group>";
		};
		037911331D3E77D100A7D49D /* common */ = {
			isa = PBXGroup;
			children = (
				037911341D3E77D100A7D49D /* Config.h */,
				037911351D3E77D100A7D49D /* Module.cpp */,
				037911361D3E77D100A7D49D /* Module.h */,
				037911371D3E77D100A7D49D /* Object.cpp */,
				037911381D3E77D100A7D49D /* Object.h */,
			);
			path = common;
			sourceTree = "<group>";
		};
		037911391D3E77D100A7D49D /* lua_service */ = {
			isa = PBXGroup;
			children = (
				0379113A1D3E77D100A7D49D /* TestService.lua */,
			);
			path = lua_service;
			sourceTree = "<group>";
		};
		0379113B1D3E77D100A7D49D /* module */ = {
			isa = PBXGroup;
			children = (
				0379113C1D3E77D100A7D49D /* filesystem */,
				0379113F1D3E77D100A7D49D /* message_loop */,
				037911441D3E77D100A7D49D /* runtime */,
			);
			path = module;
			sourceTree = "<group>";
		};
		0379113C1D3E77D100A7D49D /* filesystem */ = {
			isa = PBXGroup;
			children = (
				0379113D1D3E77D100A7D49D /* lfs.c */,
				0379113E1D3E77D100A7D49D /* lfs.h */,
			);
			path = filesystem;
			sourceTree = "<group>";
		};
		0379113F1D3E77D100A7D49D /* message_loop */ = {
			isa = PBXGroup;
			children = (
				037911401D3E77D100A7D49D /* MessageLoopModule.h */,
				037911411D3E77D100A7D49D /* MessageLoopModule_LuaBinding.cpp */,
				037911421D3E77D100A7D49D /* MessageLoopModule_LuaBinding.h */,
				037911431D3E77D100A7D49D /* MessageLoopMoudle.cpp */,
			);
			path = message_loop;
			sourceTree = "<group>";
		};
		037911441D3E77D100A7D49D /* runtime */ = {
			isa = PBXGroup;
			children = (
				037911451D3E77D100A7D49D /* Runtime.cpp */,
				037911461D3E77D100A7D49D /* Runtime.h */,
				037911471D3E77D100A7D49D /* Runtime_LuaBinding.cpp */,
				037911481D3E77D100A7D49D /* Runtime_LuaBinding.h */,
			);
			path = runtime;
			sourceTree = "<group>";
		};
		037911491D3E77D100A7D49D /* script */ = {
			isa = PBXGroup;
			children = (
				0379114A1D3E77D100A7D49D /* boot.lua */,
				0379114B1D3E77D100A7D49D /* OO */,
				0379114E1D3E77D100A7D49D /* WuKongEngine */,
			);
			path = script;
			sourceTree = "<group>";
		};
		0379114B1D3E77D100A7D49D /* OO */ = {
			isa = PBXGroup;
			children = (
				0379114C1D3E77D100A7D49D /* Class.lua */,
				0379114D1D3E77D100A7D49D /* Object.lua */,
			);
			path = OO;
			sourceTree = "<group>";
		};
		0379114E1D3E77D100A7D49D /* WuKongEngine */ = {
			isa = PBXGroup;
			children = (
				0379114F1D3E77D100A7D49D /* Continuation.lua */,
				037911501D3E77D100A7D49D /* Coroutine.lua */,
				037911511D3E77D100A7D49D /* Service.lua */,
			);
			path = WuKongEngine;
			sourceTree = "<group>";
		};
/* End PBXGroup section */

/* Begin PBXNativeTarget section */
		037910D81D3E770000A7D49D /* WukongEngine */ = {
			isa = PBXNativeTarget;
			buildConfigurationList = 037910E21D3E770000A7D49D /* Build configuration list for PBXNativeTarget "WukongEngine" */;
			buildPhases = (
				037910D51D3E770000A7D49D /* Sources */,
				037910D61D3E770000A7D49D /* Frameworks */,
				037910D71D3E770000A7D49D /* CopyFiles */,
			);
			buildRules = (
			);
			dependencies = (
			);
			name = WukongEngine;
			productName = WukongEngine;
			productReference = 037910D91D3E770000A7D49D /* libWukongEngine.a */;
			productType = "com.apple.product-type.library.static";
		};
/* End PBXNativeTarget section */

/* Begin PBXProject section */
		037910D11D3E770000A7D49D /* Project object */ = {
			isa = PBXProject;
			attributes = {
				LastUpgradeCheck = 0730;
				ORGANIZATIONNAME = Xuhui;
				TargetAttributes = {
					037910D81D3E770000A7D49D = {
						CreatedOnToolsVersion = 7.3.1;
					};
				};
			};
			buildConfigurationList = 037910D41D3E770000A7D49D /* Build configuration list for PBXProject "WukongEngine" */;
			compatibilityVersion = "Xcode 3.2";
			developmentRegion = English;
			hasScannedForEncodings = 0;
			knownRegions = (
				en,
			);
			mainGroup = 037910D01D3E770000A7D49D;
			productRefGroup = 037910DA1D3E770000A7D49D /* Products */;
			projectDirPath = "";
			projectRoot = "";
			targets = (
				037910D81D3E770000A7D49D /* WukongEngine */,
			);
		};
/* End PBXProject section */

/* Begin PBXSourcesBuildPhase section */
		037910D51D3E770000A7D49D /* Sources */ = {
			isa = PBXSourcesBuildPhase;
			buildActionMask = 2147483647;
			files = (
				037911601D3E77D100A7D49D /* lfunc.c in Sources */,
				0379117E1D3E77D100A7D49D /* Runtime.cpp in Sources */,
				037911681D3E77D100A7D49D /* lobject.c in Sources */,
				0379115E1D3E77D100A7D49D /* ldo.c in Sources */,
				0379116A1D3E77D100A7D49D /* loslib.c in Sources */,
				037911741D3E77D100A7D49D /* lundump.c in Sources */,
				0379116C1D3E77D100A7D49D /* lstate.c in Sources */,
				037911781D3E77D100A7D49D /* Makefile in Sources */,
				037911651D3E77D100A7D49D /* lmathlib.c in Sources */,
				037911701D3E77D100A7D49D /* ltablib.c in Sources */,
				0379117D1D3E77D100A7D49D /* MessageLoopMoudle.cpp in Sources */,
				0379115C1D3E77D100A7D49D /* ldblib.c in Sources */,
				0379116D1D3E77D100A7D49D /* lstring.c in Sources */,
				037911711D3E77D100A7D49D /* ltm.c in Sources */,
				037911621D3E77D100A7D49D /* linit.c in Sources */,
				037911761D3E77D100A7D49D /* lvm.c in Sources */,
				037911801D3E77D100A7D49D /* WukongEngine.cpp in Sources */,
				0379116F1D3E77D100A7D49D /* ltable.c in Sources */,
				037911631D3E77D100A7D49D /* liolib.c in Sources */,
				0379115A1D3E77D100A7D49D /* lcorolib.c in Sources */,
				0379117A1D3E77D100A7D49D /* Object.cpp in Sources */,
				037911751D3E77D100A7D49D /* lutf8lib.c in Sources */,
				037911771D3E77D100A7D49D /* lzio.c in Sources */,
				037911791D3E77D100A7D49D /* Module.cpp in Sources */,
				037911541D3E77D100A7D49D /* Makefile in Sources */,
				0379115B1D3E77D100A7D49D /* lctype.c in Sources */,
				0379116E1D3E77D100A7D49D /* lstrlib.c in Sources */,
				037911611D3E77D100A7D49D /* lgc.c in Sources */,
				037911721D3E77D100A7D49D /* lua.c in Sources */,
				037911571D3E77D100A7D49D /* lbaselib.c in Sources */,
				0379115F1D3E77D100A7D49D /* ldump.c in Sources */,
				037911641D3E77D100A7D49D /* llex.c in Sources */,
				037911551D3E77D100A7D49D /* lapi.c in Sources */,
				0379115D1D3E77D100A7D49D /* ldebug.c in Sources */,
				037911691D3E77D100A7D49D /* lopcodes.c in Sources */,
				037911591D3E77D100A7D49D /* lcode.c in Sources */,
				0379116B1D3E77D100A7D49D /* lparser.c in Sources */,
				037911581D3E77D100A7D49D /* lbitlib.c in Sources */,
				0379117B1D3E77D100A7D49D /* lfs.c in Sources */,
				037911731D3E77D100A7D49D /* luac.c in Sources */,
				037911671D3E77D100A7D49D /* loadlib.c in Sources */,
				037911561D3E77D100A7D49D /* lauxlib.c in Sources */,
				037911661D3E77D100A7D49D /* lmem.c in Sources */,
				0379117C1D3E77D100A7D49D /* MessageLoopModule_LuaBinding.cpp in Sources */,
				0379117F1D3E77D100A7D49D /* Runtime_LuaBinding.cpp in Sources */,
			);
			runOnlyForDeploymentPostprocessing = 0;
		};
/* End PBXSourcesBuildPhase section */

/* Begin XCBuildConfiguration section */
		037910E01D3E770000A7D49D /* Debug */ = {
			isa = XCBuildConfiguration;
			buildSettings = {
				ALWAYS_SEARCH_USER_PATHS = NO;
				CLANG_ANALYZER_NONNULL = YES;
				CLANG_CXX_LANGUAGE_STANDARD = "gnu++0x";
				CLANG_CXX_LIBRARY = "libc++";
				CLANG_ENABLE_MODULES = YES;
				CLANG_ENABLE_OBJC_ARC = YES;
				CLANG_WARN_BOOL_CONVERSION = YES;
				CLANG_WARN_CONSTANT_CONVERSION = YES;
				CLANG_WARN_DIRECT_OBJC_ISA_USAGE = YES_ERROR;
				CLANG_WARN_EMPTY_BODY = YES;
				CLANG_WARN_ENUM_CONVERSION = YES;
				CLANG_WARN_INT_CONVERSION = YES;
				CLANG_WARN_OBJC_ROOT_CLASS = YES_ERROR;
				CLANG_WARN_UNREACHABLE_CODE = YES;
				CLANG_WARN__DUPLICATE_METHOD_MATCH = YES;
				"CODE_SIGN_IDENTITY[sdk=iphoneos*]" = "iPhone Developer";
				COPY_PHASE_STRIP = NO;
				DEBUG_INFORMATION_FORMAT = dwarf;
				ENABLE_STRICT_OBJC_MSGSEND = YES;
				ENABLE_TESTABILITY = YES;
				GCC_C_LANGUAGE_STANDARD = gnu99;
				GCC_DYNAMIC_NO_PIC = NO;
				GCC_NO_COMMON_BLOCKS = YES;
				GCC_OPTIMIZATION_LEVEL = 0;
				GCC_PREPROCESSOR_DEFINITIONS = (
					"DEBUG=1",
					"$(inherited)",
				);
				GCC_WARN_64_TO_32_BIT_CONVERSION = YES;
				GCC_WARN_ABOUT_RETURN_TYPE = YES_ERROR;
				GCC_WARN_UNDECLARED_SELECTOR = YES;
				GCC_WARN_UNINITIALIZED_AUTOS = YES_AGGRESSIVE;
				GCC_WARN_UNUSED_FUNCTION = YES;
				GCC_WARN_UNUSED_VARIABLE = YES;
				IPHONEOS_DEPLOYMENT_TARGET = 9.3;
				MTL_ENABLE_DEBUG_INFO = YES;
				ONLY_ACTIVE_ARCH = YES;
				SDKROOT = iphoneos;
			};
			name = Debug;
		};
		037910E11D3E770000A7D49D /* Release */ = {
			isa = XCBuildConfiguration;
			buildSettings = {
				ALWAYS_SEARCH_USER_PATHS = NO;
				CLANG_ANALYZER_NONNULL = YES;
				CLANG_CXX_LANGUAGE_STANDARD = "gnu++0x";
				CLANG_CXX_LIBRARY = "libc++";
				CLANG_ENABLE_MODULES = YES;
				CLANG_ENABLE_OBJC_ARC = YES;
				CLANG_WARN_BOOL_CONVERSION = YES;
				CLANG_WARN_CONSTANT_CONVERSION = YES;
				CLANG_WARN_DIRECT_OBJC_ISA_USAGE = YES_ERROR;
				CLANG_WARN_EMPTY_BODY = YES;
				CLANG_WARN_ENUM_CONVERSION = YES;
				CLANG_WARN_INT_CONVERSION = YES;
				CLANG_WARN_OBJC_ROOT_CLASS = YES_ERROR;
				CLANG_WARN_UNREACHABLE_CODE = YES;
				CLANG_WARN__DUPLICATE_METHOD_MATCH = YES;
				"CODE_SIGN_IDENTITY[sdk=iphoneos*]" = "iPhone Developer";
				COPY_PHASE_STRIP = NO;
				DEBUG_INFORMATION_FORMAT = "dwarf-with-dsym";
				ENABLE_NS_ASSERTIONS = NO;
				ENABLE_STRICT_OBJC_MSGSEND = YES;
				GCC_C_LANGUAGE_STANDARD = gnu99;
				GCC_NO_COMMON_BLOCKS = YES;
				GCC_WARN_64_TO_32_BIT_CONVERSION = YES;
				GCC_WARN_ABOUT_RETURN_TYPE = YES_ERROR;
				GCC_WARN_UNDECLARED_SELECTOR = YES;
				GCC_WARN_UNINITIALIZED_AUTOS = YES_AGGRESSIVE;
				GCC_WARN_UNUSED_FUNCTION = YES;
				GCC_WARN_UNUSED_VARIABLE = YES;
				IPHONEOS_DEPLOYMENT_TARGET = 9.3;
				MTL_ENABLE_DEBUG_INFO = NO;
				SDKROOT = iphoneos;
				VALIDATE_PRODUCT = YES;
			};
			name = Release;
		};
		037910E31D3E770000A7D49D /* Debug */ = {
			isa = XCBuildConfiguration;
			buildSettings = {
				OTHER_LDFLAGS = "-ObjC";
				PRODUCT_NAME = "$(TARGET_NAME)";
				SKIP_INSTALL = YES;
			};
			name = Debug;
		};
		037910E41D3E770000A7D49D /* Release */ = {
			isa = XCBuildConfiguration;
			buildSettings = {
				OTHER_LDFLAGS = "-ObjC";
				PRODUCT_NAME = "$(TARGET_NAME)";
				SKIP_INSTALL = YES;
			};
			name = Release;
		};
/* End XCBuildConfiguration section */

/* Begin XCConfigurationList section */
		037910D41D3E770000A7D49D /* Build configuration list for PBXProject "WukongEngine" */ = {
			isa = XCConfigurationList;
			buildConfigurations = (
				037910E01D3E770000A7D49D /* Debug */,
				037910E11D3E770000A7D49D /* Release */,
			);
			defaultConfigurationIsVisible = 0;
			defaultConfigurationName = Release;
		};
		037910E21D3E770000A7D49D /* Build configuration list for PBXNativeTarget "WukongEngine" */ = {
			isa = XCConfigurationList;
			buildConfigurations = (
				037910E31D3E770000A7D49D /* Debug */,
				037910E41D3E770000A7D49D /* Release */,
			);
			defaultConfigurationIsVisible = 0;
			defaultConfigurationName = Release;
		};
/* End XCConfigurationList section */
	};
	rootObject = 037910D11D3E770000A7D49D /* Project object */;
}
